
Microsoft Visual Studio Solution File, Format Version 12.00
# Visual Studio Version 17
VisualStudioVersion = 17.7.34024.191
MinimumVisualStudioVersion = 10.0.40219.1
Project("{FAE04EC0-301F-11D3-BF4B-00C04F79EFBC}") = "Stack", "Stack\Stack.csproj", "{BAEE0B05-3E7C-40B8-BDDC-1D2CD31272F8}"
EndProject
Global
	GlobalSection(SolutionConfigurationPlatforms) = preSolution
		Debug|Any CPU = Debug|Any CPU
		Release|Any CPU = Release|Any CPU
	EndGlobalSection
	GlobalSection(ProjectConfigurationPlatforms) = postSolution
		{BAEE0B05-3E7C-40B8-BDDC-1D2CD31272F8}.Debug|Any CPU.ActiveCfg = Debug|Any CPU
		{BAEE0B05-3E7C-40B8-BDDC-1D2CD31272F8}.Debug|Any CPU.Build.0 = Debug|Any CPU
		{BAEE0B05-3E7C-40B8-BDDC-1D2CD31272F8}.Release|Any CPU.ActiveCfg = Release|Any CPU
		{BAEE0B05-3E7C-40B8-BDDC-1D2CD31272F8}.Release|Any CPU.Build.0 = Release|Any CPU
	EndGlobalSection
	GlobalSection(SolutionProperties) = preSolution
		HideSolutionNode = FALSE
	EndGlobalSection
	GlobalSection(ExtensibilityGlobals) = postSolution
		SolutionGuid = {2679E278-43B1-4A62-9CA6-84A5074609EC}
	EndGlobalSection
EndGlobal
