
Microsoft Visual Studio Solution File, Format Version 12.00
# Visual Studio Version 17
VisualStudioVersion = 17.7.34024.191
MinimumVisualStudioVersion = 10.0.40219.1
Project("{FAE04EC0-301F-11D3-BF4B-00C04F79EFBC}") = "BTKveriyapıları çalışmaları", "BTKveriyapıları çalışmaları\BTKveriyapıları çalışmaları.csproj", "{478F5D2F-782A-49AD-B891-378DB1D777A8}"
EndProject
Global
	GlobalSection(SolutionConfigurationPlatforms) = preSolution
		Debug|Any CPU = Debug|Any CPU
		Release|Any CPU = Release|Any CPU
	EndGlobalSection
	GlobalSection(ProjectConfigurationPlatforms) = postSolution
		{478F5D2F-782A-49AD-B891-378DB1D777A8}.Debug|Any CPU.ActiveCfg = Debug|Any CPU
		{478F5D2F-782A-49AD-B891-378DB1D777A8}.Debug|Any CPU.Build.0 = Debug|Any CPU
		{478F5D2F-782A-49AD-B891-378DB1D777A8}.Release|Any CPU.ActiveCfg = Release|Any CPU
		{478F5D2F-782A-49AD-B891-378DB1D777A8}.Release|Any CPU.Build.0 = Release|Any CPU
	EndGlobalSection
	GlobalSection(SolutionProperties) = preSolution
		HideSolutionNode = FALSE
	EndGlobalSection
	GlobalSection(ExtensibilityGlobals) = postSolution
		SolutionGuid = {D852E8A8-0B08-4D0A-9828-A5D45E0E01AB}
	EndGlobalSection
EndGlobal
