
Microsoft Visual Studio Solution File, Format Version 12.00
# Visual Studio Version 17
VisualStudioVersion = 17.7.34024.191
MinimumVisualStudioVersion = 10.0.40219.1
Project("{FAE04EC0-301F-11D3-BF4B-00C04F79EFBC}") = "Lineerdatastructers", "Lineerdatastructers\Lineerdatastructers.csproj", "{F744B5AD-317C-4CF7-A41A-FAC29FDE3594}"
EndProject
Global
	GlobalSection(SolutionConfigurationPlatforms) = preSolution
		Debug|Any CPU = Debug|Any CPU
		Release|Any CPU = Release|Any CPU
	EndGlobalSection
	GlobalSection(ProjectConfigurationPlatforms) = postSolution
		{F744B5AD-317C-4CF7-A41A-FAC29FDE3594}.Debug|Any CPU.ActiveCfg = Debug|Any CPU
		{F744B5AD-317C-4CF7-A41A-FAC29FDE3594}.Debug|Any CPU.Build.0 = Debug|Any CPU
		{F744B5AD-317C-4CF7-A41A-FAC29FDE3594}.Release|Any CPU.ActiveCfg = Release|Any CPU
		{F744B5AD-317C-4CF7-A41A-FAC29FDE3594}.Release|Any CPU.Build.0 = Release|Any CPU
	EndGlobalSection
	GlobalSection(SolutionProperties) = preSolution
		HideSolutionNode = FALSE
	EndGlobalSection
	GlobalSection(ExtensibilityGlobals) = postSolution
		SolutionGuid = {4D360E75-3D1D-46F2-BE26-ADEDAE440C79}
	EndGlobalSection
EndGlobal
